# THIS IS AN AUTOGENERATED FILE. DO NOT EDIT THIS FILE DIRECTLY.
# yarn lockfile v1


axios@^0.21.0:
  version "0.21.0"
  resolved "https://registry.yarnpkg.com/axios/-/axios-0.21.0.tgz#26df088803a2350dff2c27f96fef99fe49442aca"
  integrity sha512-fmkJBknJKoZwem3/IKSSLpkdNXZeBu5Q7GA/aRsr2btgrptmSCxi2oFjZHqGdK9DoTil9PIHlPIZw2EcRJXRvw==
  dependencies:
    follow-redirects "^1.10.0"

follow-redirects@^1.10.0:
  version "1.13.0"
  resolved "https://registry.yarnpkg.com/follow-redirects/-/follow-redirects-1.13.0.tgz#b42e8d93a2a7eea5ed88633676d6597bc8e384db"
  integrity sha512-aq6gF1BEKje4a9i9+5jimNFIpq4Q1WiwBToeRK5NvZBd/TRsmW8BsJfOEGkr76TbOyPVD3OVDN910EcUNtRYEA==

he@1.2.0:
  version "1.2.0"
  resolved "https://registry.yarnpkg.com/he/-/he-1.2.0.tgz#84ae65fa7eafb165fddb61566ae14baf05664f0f"
  integrity sha512-F/1DnUGPopORZi0ni+CvrCgHQ5FyEAHRLSApuYWMmrbSwoN2Mn/7k+Gl38gJnR7yyDZk6WLXwiGod1JOWNDKGw==

node-html-parser@^2.0.0:
  version "2.0.0"
  resolved "https://registry.yarnpkg.com/node-html-parser/-/node-html-parser-2.0.0.tgz#fe03a9e99efac16819969802e17a9e51d968d65f"
  integrity sha512-3wJdYSxiVIBxuiFm9UtfNWAlBw2P+Vb/RN1nqf40q2JeZDpcJ1HsrWuWV3j15SSJ25TvfnOoac2Q+uDU9iY0sw==
  dependencies:
    he "1.2.0"

nodemailer@^6.4.16:
  version "6.4.16"
  resolved "https://registry.yarnpkg.com/nodemailer/-/nodemailer-6.4.16.tgz#5cb6391b1d79ab7eff32d6f9f48366b5a7117293"
  integrity sha512-68K0LgZ6hmZ7PVmwL78gzNdjpj5viqBdFqKrTtr9bZbJYj6BRj5W6WGkxXrEnUl3Co3CBXi3CZBUlpV/foGnOQ==
